
Microsoft Visual Studio Solution File, Format Version 12.00
# Visual Studio 15
VisualStudioVersion = 15.0.28010.2036
MinimumVisualStudioVersion = 10.0.40219.1
Project("{FAE04EC0-301F-11D3-BF4B-00C04F79EFBC}") = "KueflerBioApp.Android", "KueflerBioApp\KueflerBioApp.Android\KueflerBioApp.Android.csproj", "{416688FA-1CE4-491D-BC84-18970EF386A0}"
EndProject
Project("{FAE04EC0-301F-11D3-BF4B-00C04F79EFBC}") = "KueflerBioApp.iOS", "KueflerBioApp\KueflerBioApp.iOS\KueflerBioApp.iOS.csproj", "{EFE3B1A3-1C0F-41EC-A3FA-717BAF665E78}"
EndProject
Project("{FAE04EC0-301F-11D3-BF4B-00C04F79EFBC}") = "KueflerBioApp.UWP", "KueflerBioApp\KueflerBioApp.UWP\KueflerBioApp.UWP.csproj", "{2AF357CB-AC87-4123-BCD7-F33CF64E4A6B}"
EndProject
Project("{FAE04EC0-301F-11D3-BF4B-00C04F79EFBC}") = "KueflerBioApp", "KueflerBioApp\KueflerBioApp\KueflerBioApp.csproj", "{B61B374C-7A61-41A2-AF31-99215B91B90B}"
EndProject
Global
	GlobalSection(SolutionConfigurationPlatforms) = preSolution
		Ad-Hoc|Any CPU = Ad-Hoc|Any CPU
		Ad-Hoc|ARM = Ad-Hoc|ARM
		Ad-Hoc|iPhone = Ad-Hoc|iPhone
		Ad-Hoc|iPhoneSimulator = Ad-Hoc|iPhoneSimulator
		Ad-Hoc|x64 = Ad-Hoc|x64
		Ad-Hoc|x86 = Ad-Hoc|x86
		AppStore|Any CPU = AppStore|Any CPU
		AppStore|ARM = AppStore|ARM
		AppStore|iPhone = AppStore|iPhone
		AppStore|iPhoneSimulator = AppStore|iPhoneSimulator
		AppStore|x64 = AppStore|x64
		AppStore|x86 = AppStore|x86
		Debug|Any CPU = Debug|Any CPU
		Debug|ARM = Debug|ARM
		Debug|iPhone = Debug|iPhone
		Debug|iPhoneSimulator = Debug|iPhoneSimulator
		Debug|x64 = Debug|x64
		Debug|x86 = Debug|x86
		Release|Any CPU = Release|Any CPU
		Release|ARM = Release|ARM
		Release|iPhone = Release|iPhone
		Release|iPhoneSimulator = Release|iPhoneSimulator
		Release|x64 = Release|x64
		Release|x86 = Release|x86
	EndGlobalSection
	GlobalSection(ProjectConfigurationPlatforms) = postSolution
		{416688FA-1CE4-491D-BC84-18970EF386A0}.Ad-Hoc|Any CPU.ActiveCfg = Release|Any CPU
		{416688FA-1CE4-491D-BC84-18970EF386A0}.Ad-Hoc|Any CPU.Build.0 = Release|Any CPU
		{416688FA-1CE4-491D-BC84-18970EF386A0}.Ad-Hoc|Any CPU.Deploy.0 = Release|Any CPU
		{416688FA-1CE4-491D-BC84-18970EF386A0}.Ad-Hoc|ARM.ActiveCfg = Release|Any CPU
		{416688FA-1CE4-491D-BC84-18970EF386A0}.Ad-Hoc|ARM.Build.0 = Release|Any CPU
		{416688FA-1CE4-491D-BC84-18970EF386A0}.Ad-Hoc|ARM.Deploy.0 = Release|Any CPU
		{416688FA-1CE4-491D-BC84-18970EF386A0}.Ad-Hoc|iPhone.ActiveCfg = Release|Any CPU
		{416688FA-1CE4-491D-BC84-18970EF386A0}.Ad-Hoc|iPhone.Build.0 = Release|Any CPU
		{416688FA-1CE4-491D-BC84-18970EF386A0}.Ad-Hoc|iPhone.Deploy.0 = Release|Any CPU
		{416688FA-1CE4-491D-BC84-18970EF386A0}.Ad-Hoc|iPhoneSimulator.ActiveCfg = Release|Any CPU
		{416688FA-1CE4-491D-BC84-18970EF386A0}.Ad-Hoc|iPhoneSimulator.Build.0 = Release|Any CPU
		{416688FA-1CE4-491D-BC84-18970EF386A0}.Ad-Hoc|iPhoneSimulator.Deploy.0 = Release|Any CPU
		{416688FA-1CE4-491D-BC84-18970EF386A0}.Ad-Hoc|x64.ActiveCfg = Release|Any CPU
		{416688FA-1CE4-491D-BC84-18970EF386A0}.Ad-Hoc|x64.Build.0 = Release|Any CPU
		{416688FA-1CE4-491D-BC84-18970EF386A0}.Ad-Hoc|x64.Deploy.0 = Release|Any CPU
		{416688FA-1CE4-491D-BC84-18970EF386A0}.Ad-Hoc|x86.ActiveCfg = Release|Any CPU
		{416688FA-1CE4-491D-BC84-18970EF386A0}.Ad-Hoc|x86.Build.0 = Release|Any CPU
		{416688FA-1CE4-491D-BC84-18970EF386A0}.Ad-Hoc|x86.Deploy.0 = Release|Any CPU
		{416688FA-1CE4-491D-BC84-18970EF386A0}.AppStore|Any CPU.ActiveCfg = Release|Any CPU
		{416688FA-1CE4-491D-BC84-18970EF386A0}.AppStore|Any CPU.Build.0 = Release|Any CPU
		{416688FA-1CE4-491D-BC84-18970EF386A0}.AppStore|Any CPU.Deploy.0 = Release|Any CPU
		{416688FA-1CE4-491D-BC84-18970EF386A0}.AppStore|ARM.ActiveCfg = Release|Any CPU
		{416688FA-1CE4-491D-BC84-18970EF386A0}.AppStore|ARM.Build.0 = Release|Any CPU
		{416688FA-1CE4-491D-BC84-18970EF386A0}.AppStore|ARM.Deploy.0 = Release|Any CPU
		{416688FA-1CE4-491D-BC84-18970EF386A0}.AppStore|iPhone.ActiveCfg = Release|Any CPU
		{416688FA-1CE4-491D-BC84-18970EF386A0}.AppStore|iPhone.Build.0 = Release|Any CPU
		{416688FA-1CE4-491D-BC84-18970EF386A0}.AppStore|iPhone.Deploy.0 = Release|Any CPU
		{416688FA-1CE4-491D-BC84-18970EF386A0}.AppStore|iPhoneSimulator.ActiveCfg = Release|Any CPU
		{416688FA-1CE4-491D-BC84-18970EF386A0}.AppStore|iPhoneSimulator.Build.0 = Release|Any CPU
		{416688FA-1CE4-491D-BC84-18970EF386A0}.AppStore|iPhoneSimulator.Deploy.0 = Release|Any CPU
		{416688FA-1CE4-491D-BC84-18970EF386A0}.AppStore|x64.ActiveCfg = Release|Any CPU
		{416688FA-1CE4-491D-BC84-18970EF386A0}.AppStore|x64.Build.0 = Release|Any CPU
		{416688FA-1CE4-491D-BC84-18970EF386A0}.AppStore|x64.Deploy.0 = Release|Any CPU
		{416688FA-1CE4-491D-BC84-18970EF386A0}.AppStore|x86.ActiveCfg = Release|Any CPU
		{416688FA-1CE4-491D-BC84-18970EF386A0}.AppStore|x86.Build.0 = Release|Any CPU
		{416688FA-1CE4-491D-BC84-18970EF386A0}.AppStore|x86.Deploy.0 = Release|Any CPU
		{416688FA-1CE4-491D-BC84-18970EF386A0}.Debug|Any CPU.ActiveCfg = Debug|Any CPU
		{416688FA-1CE4-491D-BC84-18970EF386A0}.Debug|Any CPU.Build.0 = Debug|Any CPU
		{416688FA-1CE4-491D-BC84-18970EF386A0}.Debug|Any CPU.Deploy.0 = Debug|Any CPU
		{416688FA-1CE4-491D-BC84-18970EF386A0}.Debug|ARM.ActiveCfg = Debug|Any CPU
		{416688FA-1CE4-491D-BC84-18970EF386A0}.Debug|ARM.Build.0 = Debug|Any CPU
		{416688FA-1CE4-491D-BC84-18970EF386A0}.Debug|ARM.Deploy.0 = Debug|Any CPU
		{416688FA-1CE4-491D-BC84-18970EF386A0}.Debug|iPhone.ActiveCfg = Debug|Any CPU
		{416688FA-1CE4-491D-BC84-18970EF386A0}.Debug|iPhone.Build.0 = Debug|Any CPU
		{416688FA-1CE4-491D-BC84-18970EF386A0}.Debug|iPhone.Deploy.0 = Debug|Any CPU
		{416688FA-1CE4-491D-BC84-18970EF386A0}.Debug|iPhoneSimulator.ActiveCfg = Debug|Any CPU
		{416688FA-1CE4-491D-BC84-18970EF386A0}.Debug|iPhoneSimulator.Build.0 = Debug|Any CPU
		{416688FA-1CE4-491D-BC84-18970EF386A0}.Debug|iPhoneSimulator.Deploy.0 = Debug|Any CPU
		{416688FA-1CE4-491D-BC84-18970EF386A0}.Debug|x64.ActiveCfg = Debug|Any CPU
		{416688FA-1CE4-491D-BC84-18970EF386A0}.Debug|x64.Build.0 = Debug|Any CPU
		{416688FA-1CE4-491D-BC84-18970EF386A0}.Debug|x64.Deploy.0 = Debug|Any CPU
		{416688FA-1CE4-491D-BC84-18970EF386A0}.Debug|x86.ActiveCfg = Debug|Any CPU
		{416688FA-1CE4-491D-BC84-18970EF386A0}.Debug|x86.Build.0 = Debug|Any CPU
		{416688FA-1CE4-491D-BC84-18970EF386A0}.Debug|x86.Deploy.0 = Debug|Any CPU
		{416688FA-1CE4-491D-BC84-18970EF386A0}.Release|Any CPU.ActiveCfg = Release|Any CPU
		{416688FA-1CE4-491D-BC84-18970EF386A0}.Release|Any CPU.Build.0 = Release|Any CPU
		{416688FA-1CE4-491D-BC84-18970EF386A0}.Release|Any CPU.Deploy.0 = Release|Any CPU
		{416688FA-1CE4-491D-BC84-18970EF386A0}.Release|ARM.ActiveCfg = Release|Any CPU
		{416688FA-1CE4-491D-BC84-18970EF386A0}.Release|ARM.Build.0 = Release|Any CPU
		{416688FA-1CE4-491D-BC84-18970EF386A0}.Release|ARM.Deploy.0 = Release|Any CPU
		{416688FA-1CE4-491D-BC84-18970EF386A0}.Release|iPhone.ActiveCfg = Release|Any CPU
		{416688FA-1CE4-491D-BC84-18970EF386A0}.Release|iPhone.Build.0 = Release|Any CPU
		{416688FA-1CE4-491D-BC84-18970EF386A0}.Release|iPhone.Deploy.0 = Release|Any CPU
		{416688FA-1CE4-491D-BC84-18970EF386A0}.Release|iPhoneSimulator.ActiveCfg = Release|Any CPU
		{416688FA-1CE4-491D-BC84-18970EF386A0}.Release|iPhoneSimulator.Build.0 = Release|Any CPU
		{416688FA-1CE4-491D-BC84-18970EF386A0}.Release|iPhoneSimulator.Deploy.0 = Release|Any CPU
		{416688FA-1CE4-491D-BC84-18970EF386A0}.Release|x64.ActiveCfg = Release|Any CPU
		{416688FA-1CE4-491D-BC84-18970EF386A0}.Release|x64.Build.0 = Release|Any CPU
		{416688FA-1CE4-491D-BC84-18970EF386A0}.Release|x64.Deploy.0 = Release|Any CPU
		{416688FA-1CE4-491D-BC84-18970EF386A0}.Release|x86.ActiveCfg = Release|Any CPU
		{416688FA-1CE4-491D-BC84-18970EF386A0}.Release|x86.Build.0 = Release|Any CPU
		{416688FA-1CE4-491D-BC84-18970EF386A0}.Release|x86.Deploy.0 = Release|Any CPU
		{EFE3B1A3-1C0F-41EC-A3FA-717BAF665E78}.Ad-Hoc|Any CPU.ActiveCfg = Ad-Hoc|iPhone
		{EFE3B1A3-1C0F-41EC-A3FA-717BAF665E78}.Ad-Hoc|Any CPU.Build.0 = Ad-Hoc|iPhone
		{EFE3B1A3-1C0F-41EC-A3FA-717BAF665E78}.Ad-Hoc|Any CPU.Deploy.0 = Ad-Hoc|iPhone
		{EFE3B1A3-1C0F-41EC-A3FA-717BAF665E78}.Ad-Hoc|ARM.ActiveCfg = Ad-Hoc|iPhone
		{EFE3B1A3-1C0F-41EC-A3FA-717BAF665E78}.Ad-Hoc|ARM.Build.0 = Ad-Hoc|iPhone
		{EFE3B1A3-1C0F-41EC-A3FA-717BAF665E78}.Ad-Hoc|ARM.Deploy.0 = Ad-Hoc|iPhone
		{EFE3B1A3-1C0F-41EC-A3FA-717BAF665E78}.Ad-Hoc|iPhone.ActiveCfg = Ad-Hoc|iPhone
		{EFE3B1A3-1C0F-41EC-A3FA-717BAF665E78}.Ad-Hoc|iPhone.Build.0 = Ad-Hoc|iPhone
		{EFE3B1A3-1C0F-41EC-A3FA-717BAF665E78}.Ad-Hoc|iPhone.Deploy.0 = Ad-Hoc|iPhone
		{EFE3B1A3-1C0F-41EC-A3FA-717BAF665E78}.Ad-Hoc|iPhoneSimulator.ActiveCfg = Ad-Hoc|iPhoneSimulator
		{EFE3B1A3-1C0F-41EC-A3FA-717BAF665E78}.Ad-Hoc|iPhoneSimulator.Build.0 = Ad-Hoc|iPhoneSimulator
		{EFE3B1A3-1C0F-41EC-A3FA-717BAF665E78}.Ad-Hoc|iPhoneSimulator.Deploy.0 = Ad-Hoc|iPhoneSimulator
		{EFE3B1A3-1C0F-41EC-A3FA-717BAF665E78}.Ad-Hoc|x64.ActiveCfg = Ad-Hoc|iPhone
		{EFE3B1A3-1C0F-41EC-A3FA-717BAF665E78}.Ad-Hoc|x64.Build.0 = Ad-Hoc|iPhone
		{EFE3B1A3-1C0F-41EC-A3FA-717BAF665E78}.Ad-Hoc|x64.Deploy.0 = Ad-Hoc|iPhone
		{EFE3B1A3-1C0F-41EC-A3FA-717BAF665E78}.Ad-Hoc|x86.ActiveCfg = Ad-Hoc|iPhone
		{EFE3B1A3-1C0F-41EC-A3FA-717BAF665E78}.Ad-Hoc|x86.Build.0 = Ad-Hoc|iPhone
		{EFE3B1A3-1C0F-41EC-A3FA-717BAF665E78}.Ad-Hoc|x86.Deploy.0 = Ad-Hoc|iPhone
		{EFE3B1A3-1C0F-41EC-A3FA-717BAF665E78}.AppStore|Any CPU.ActiveCfg = AppStore|iPhone
		{EFE3B1A3-1C0F-41EC-A3FA-717BAF665E78}.AppStore|Any CPU.Build.0 = AppStore|iPhone
		{EFE3B1A3-1C0F-41EC-A3FA-717BAF665E78}.AppStore|Any CPU.Deploy.0 = AppStore|iPhone
		{EFE3B1A3-1C0F-41EC-A3FA-717BAF665E78}.AppStore|ARM.ActiveCfg = AppStore|iPhone
		{EFE3B1A3-1C0F-41EC-A3FA-717BAF665E78}.AppStore|ARM.Build.0 = AppStore|iPhone
		{EFE3B1A3-1C0F-41EC-A3FA-717BAF665E78}.AppStore|ARM.Deploy.0 = AppStore|iPhone
		{EFE3B1A3-1C0F-41EC-A3FA-717BAF665E78}.AppStore|iPhone.ActiveCfg = AppStore|iPhone
		{EFE3B1A3-1C0F-41EC-A3FA-717BAF665E78}.AppStore|iPhone.Build.0 = AppStore|iPhone
		{EFE3B1A3-1C0F-41EC-A3FA-717BAF665E78}.AppStore|iPhone.Deploy.0 = AppStore|iPhone
		{EFE3B1A3-1C0F-41EC-A3FA-717BAF665E78}.AppStore|iPhoneSimulator.ActiveCfg = AppStore|iPhoneSimulator
		{EFE3B1A3-1C0F-41EC-A3FA-717BAF665E78}.AppStore|iPhoneSimulator.Build.0 = AppStore|iPhoneSimulator
		{EFE3B1A3-1C0F-41EC-A3FA-717BAF665E78}.AppStore|iPhoneSimulator.Deploy.0 = AppStore|iPhoneSimulator
		{EFE3B1A3-1C0F-41EC-A3FA-717BAF665E78}.AppStore|x64.ActiveCfg = AppStore|iPhone
		{EFE3B1A3-1C0F-41EC-A3FA-717BAF665E78}.AppStore|x64.Build.0 = AppStore|iPhone
		{EFE3B1A3-1C0F-41EC-A3FA-717BAF665E78}.AppStore|x64.Deploy.0 = AppStore|iPhone
		{EFE3B1A3-1C0F-41EC-A3FA-717BAF665E78}.AppStore|x86.ActiveCfg = AppStore|iPhone
		{EFE3B1A3-1C0F-41EC-A3FA-717BAF665E78}.AppStore|x86.Build.0 = AppStore|iPhone
		{EFE3B1A3-1C0F-41EC-A3FA-717BAF665E78}.AppStore|x86.Deploy.0 = AppStore|iPhone
		{EFE3B1A3-1C0F-41EC-A3FA-717BAF665E78}.Debug|Any CPU.ActiveCfg = Debug|iPhoneSimulator
		{EFE3B1A3-1C0F-41EC-A3FA-717BAF665E78}.Debug|Any CPU.Build.0 = Debug|iPhoneSimulator
		{EFE3B1A3-1C0F-41EC-A3FA-717BAF665E78}.Debug|Any CPU.Deploy.0 = Debug|iPhoneSimulator
		{EFE3B1A3-1C0F-41EC-A3FA-717BAF665E78}.Debug|ARM.ActiveCfg = Debug|iPhone
		{EFE3B1A3-1C0F-41EC-A3FA-717BAF665E78}.Debug|ARM.Build.0 = Debug|iPhone
		{EFE3B1A3-1C0F-41EC-A3FA-717BAF665E78}.Debug|ARM.Deploy.0 = Debug|iPhone
		{EFE3B1A3-1C0F-41EC-A3FA-717BAF665E78}.Debug|iPhone.ActiveCfg = Debug|iPhone
		{EFE3B1A3-1C0F-41EC-A3FA-717BAF665E78}.Debug|iPhone.Build.0 = Debug|iPhone
		{EFE3B1A3-1C0F-41EC-A3FA-717BAF665E78}.Debug|iPhone.Deploy.0 = Debug|iPhone
		{EFE3B1A3-1C0F-41EC-A3FA-717BAF665E78}.Debug|iPhoneSimulator.ActiveCfg = Debug|iPhoneSimulator
		{EFE3B1A3-1C0F-41EC-A3FA-717BAF665E78}.Debug|iPhoneSimulator.Build.0 = Debug|iPhoneSimulator
		{EFE3B1A3-1C0F-41EC-A3FA-717BAF665E78}.Debug|iPhoneSimulator.Deploy.0 = Debug|iPhoneSimulator
		{EFE3B1A3-1C0F-41EC-A3FA-717BAF665E78}.Debug|x64.ActiveCfg = Debug|iPhone
		{EFE3B1A3-1C0F-41EC-A3FA-717BAF665E78}.Debug|x64.Build.0 = Debug|iPhone
		{EFE3B1A3-1C0F-41EC-A3FA-717BAF665E78}.Debug|x64.Deploy.0 = Debug|iPhone
		{EFE3B1A3-1C0F-41EC-A3FA-717BAF665E78}.Debug|x86.ActiveCfg = Debug|iPhone
		{EFE3B1A3-1C0F-41EC-A3FA-717BAF665E78}.Debug|x86.Build.0 = Debug|iPhone
		{EFE3B1A3-1C0F-41EC-A3FA-717BAF665E78}.Debug|x86.Deploy.0 = Debug|iPhone
		{EFE3B1A3-1C0F-41EC-A3FA-717BAF665E78}.Release|Any CPU.ActiveCfg = Release|iPhone
		{EFE3B1A3-1C0F-41EC-A3FA-717BAF665E78}.Release|Any CPU.Build.0 = Release|iPhone
		{EFE3B1A3-1C0F-41EC-A3FA-717BAF665E78}.Release|Any CPU.Deploy.0 = Release|iPhone
		{EFE3B1A3-1C0F-41EC-A3FA-717BAF665E78}.Release|ARM.ActiveCfg = Release|iPhone
		{EFE3B1A3-1C0F-41EC-A3FA-717BAF665E78}.Release|ARM.Build.0 = Release|iPhone
		{EFE3B1A3-1C0F-41EC-A3FA-717BAF665E78}.Release|ARM.Deploy.0 = Release|iPhone
		{EFE3B1A3-1C0F-41EC-A3FA-717BAF665E78}.Release|iPhone.ActiveCfg = Release|iPhone
		{EFE3B1A3-1C0F-41EC-A3FA-717BAF665E78}.Release|iPhone.Build.0 = Release|iPhone
		{EFE3B1A3-1C0F-41EC-A3FA-717BAF665E78}.Release|iPhone.Deploy.0 = Release|iPhone
		{EFE3B1A3-1C0F-41EC-A3FA-717BAF665E78}.Release|iPhoneSimulator.ActiveCfg = Release|iPhoneSimulator
		{EFE3B1A3-1C0F-41EC-A3FA-717BAF665E78}.Release|iPhoneSimulator.Build.0 = Release|iPhoneSimulator
		{EFE3B1A3-1C0F-41EC-A3FA-717BAF665E78}.Release|iPhoneSimulator.Deploy.0 = Release|iPhoneSimulator
		{EFE3B1A3-1C0F-41EC-A3FA-717BAF665E78}.Release|x64.ActiveCfg = Release|iPhone
		{EFE3B1A3-1C0F-41EC-A3FA-717BAF665E78}.Release|x64.Build.0 = Release|iPhone
		{EFE3B1A3-1C0F-41EC-A3FA-717BAF665E78}.Release|x64.Deploy.0 = Release|iPhone
		{EFE3B1A3-1C0F-41EC-A3FA-717BAF665E78}.Release|x86.ActiveCfg = Release|iPhone
		{EFE3B1A3-1C0F-41EC-A3FA-717BAF665E78}.Release|x86.Build.0 = Release|iPhone
		{EFE3B1A3-1C0F-41EC-A3FA-717BAF665E78}.Release|x86.Deploy.0 = Release|iPhone
		{2AF357CB-AC87-4123-BCD7-F33CF64E4A6B}.Ad-Hoc|Any CPU.ActiveCfg = Release|x86
		{2AF357CB-AC87-4123-BCD7-F33CF64E4A6B}.Ad-Hoc|Any CPU.Build.0 = Release|x86
		{2AF357CB-AC87-4123-BCD7-F33CF64E4A6B}.Ad-Hoc|Any CPU.Deploy.0 = Release|x86
		{2AF357CB-AC87-4123-BCD7-F33CF64E4A6B}.Ad-Hoc|ARM.ActiveCfg = Release|ARM
		{2AF357CB-AC87-4123-BCD7-F33CF64E4A6B}.Ad-Hoc|ARM.Build.0 = Release|ARM
		{2AF357CB-AC87-4123-BCD7-F33CF64E4A6B}.Ad-Hoc|ARM.Deploy.0 = Release|ARM
		{2AF357CB-AC87-4123-BCD7-F33CF64E4A6B}.Ad-Hoc|iPhone.ActiveCfg = Release|x86
		{2AF357CB-AC87-4123-BCD7-F33CF64E4A6B}.Ad-Hoc|iPhone.Build.0 = Release|x86
		{2AF357CB-AC87-4123-BCD7-F33CF64E4A6B}.Ad-Hoc|iPhone.Deploy.0 = Release|x86
		{2AF357CB-AC87-4123-BCD7-F33CF64E4A6B}.Ad-Hoc|iPhoneSimulator.ActiveCfg = Release|x86
		{2AF357CB-AC87-4123-BCD7-F33CF64E4A6B}.Ad-Hoc|iPhoneSimulator.Build.0 = Release|x86
		{2AF357CB-AC87-4123-BCD7-F33CF64E4A6B}.Ad-Hoc|iPhoneSimulator.Deploy.0 = Release|x86
		{2AF357CB-AC87-4123-BCD7-F33CF64E4A6B}.Ad-Hoc|x64.ActiveCfg = Release|x64
		{2AF357CB-AC87-4123-BCD7-F33CF64E4A6B}.Ad-Hoc|x64.Build.0 = Release|x64
		{2AF357CB-AC87-4123-BCD7-F33CF64E4A6B}.Ad-Hoc|x64.Deploy.0 = Release|x64
		{2AF357CB-AC87-4123-BCD7-F33CF64E4A6B}.Ad-Hoc|x86.ActiveCfg = Release|x86
		{2AF357CB-AC87-4123-BCD7-F33CF64E4A6B}.Ad-Hoc|x86.Build.0 = Release|x86
		{2AF357CB-AC87-4123-BCD7-F33CF64E4A6B}.Ad-Hoc|x86.Deploy.0 = Release|x86
		{2AF357CB-AC87-4123-BCD7-F33CF64E4A6B}.AppStore|Any CPU.ActiveCfg = Release|x86
		{2AF357CB-AC87-4123-BCD7-F33CF64E4A6B}.AppStore|Any CPU.Build.0 = Release|x86
		{2AF357CB-AC87-4123-BCD7-F33CF64E4A6B}.AppStore|Any CPU.Deploy.0 = Release|x86
		{2AF357CB-AC87-4123-BCD7-F33CF64E4A6B}.AppStore|ARM.ActiveCfg = Release|ARM
		{2AF357CB-AC87-4123-BCD7-F33CF64E4A6B}.AppStore|ARM.Build.0 = Release|ARM
		{2AF357CB-AC87-4123-BCD7-F33CF64E4A6B}.AppStore|ARM.Deploy.0 = Release|ARM
		{2AF357CB-AC87-4123-BCD7-F33CF64E4A6B}.AppStore|iPhone.ActiveCfg = Release|x86
		{2AF357CB-AC87-4123-BCD7-F33CF64E4A6B}.AppStore|iPhone.Build.0 = Release|x86
		{2AF357CB-AC87-4123-BCD7-F33CF64E4A6B}.AppStore|iPhone.Deploy.0 = Release|x86
		{2AF357CB-AC87-4123-BCD7-F33CF64E4A6B}.AppStore|iPhoneSimulator.ActiveCfg = Release|x86
		{2AF357CB-AC87-4123-BCD7-F33CF64E4A6B}.AppStore|iPhoneSimulator.Build.0 = Release|x86
		{2AF357CB-AC87-4123-BCD7-F33CF64E4A6B}.AppStore|iPhoneSimulator.Deploy.0 = Release|x86
		{2AF357CB-AC87-4123-BCD7-F33CF64E4A6B}.AppStore|x64.ActiveCfg = Release|x64
		{2AF357CB-AC87-4123-BCD7-F33CF64E4A6B}.AppStore|x64.Build.0 = Release|x64
		{2AF357CB-AC87-4123-BCD7-F33CF64E4A6B}.AppStore|x64.Deploy.0 = Release|x64
		{2AF357CB-AC87-4123-BCD7-F33CF64E4A6B}.AppStore|x86.ActiveCfg = Release|x86
		{2AF357CB-AC87-4123-BCD7-F33CF64E4A6B}.AppStore|x86.Build.0 = Release|x86
		{2AF357CB-AC87-4123-BCD7-F33CF64E4A6B}.AppStore|x86.Deploy.0 = Release|x86
		{2AF357CB-AC87-4123-BCD7-F33CF64E4A6B}.Debug|Any CPU.ActiveCfg = Debug|x86
		{2AF357CB-AC87-4123-BCD7-F33CF64E4A6B}.Debug|Any CPU.Build.0 = Debug|x86
		{2AF357CB-AC87-4123-BCD7-F33CF64E4A6B}.Debug|Any CPU.Deploy.0 = Debug|x86
		{2AF357CB-AC87-4123-BCD7-F33CF64E4A6B}.Debug|ARM.ActiveCfg = Debug|ARM
		{2AF357CB-AC87-4123-BCD7-F33CF64E4A6B}.Debug|ARM.Build.0 = Debug|ARM
		{2AF357CB-AC87-4123-BCD7-F33CF64E4A6B}.Debug|ARM.Deploy.0 = Debug|ARM
		{2AF357CB-AC87-4123-BCD7-F33CF64E4A6B}.Debug|iPhone.ActiveCfg = Debug|x86
		{2AF357CB-AC87-4123-BCD7-F33CF64E4A6B}.Debug|iPhone.Build.0 = Debug|x86
		{2AF357CB-AC87-4123-BCD7-F33CF64E4A6B}.Debug|iPhone.Deploy.0 = Debug|x86
		{2AF357CB-AC87-4123-BCD7-F33CF64E4A6B}.Debug|iPhoneSimulator.ActiveCfg = Debug|x86
		{2AF357CB-AC87-4123-BCD7-F33CF64E4A6B}.Debug|iPhoneSimulator.Build.0 = Debug|x86
		{2AF357CB-AC87-4123-BCD7-F33CF64E4A6B}.Debug|iPhoneSimulator.Deploy.0 = Debug|x86
		{2AF357CB-AC87-4123-BCD7-F33CF64E4A6B}.Debug|x64.ActiveCfg = Debug|x64
		{2AF357CB-AC87-4123-BCD7-F33CF64E4A6B}.Debug|x64.Build.0 = Debug|x64
		{2AF357CB-AC87-4123-BCD7-F33CF64E4A6B}.Debug|x64.Deploy.0 = Debug|x64
		{2AF357CB-AC87-4123-BCD7-F33CF64E4A6B}.Debug|x86.ActiveCfg = Debug|x86
		{2AF357CB-AC87-4123-BCD7-F33CF64E4A6B}.Debug|x86.Build.0 = Debug|x86
		{2AF357CB-AC87-4123-BCD7-F33CF64E4A6B}.Debug|x86.Deploy.0 = Debug|x86
		{2AF357CB-AC87-4123-BCD7-F33CF64E4A6B}.Release|Any CPU.ActiveCfg = Release|x86
		{2AF357CB-AC87-4123-BCD7-F33CF64E4A6B}.Release|Any CPU.Build.0 = Release|x86
		{2AF357CB-AC87-4123-BCD7-F33CF64E4A6B}.Release|Any CPU.Deploy.0 = Release|x86
		{2AF357CB-AC87-4123-BCD7-F33CF64E4A6B}.Release|ARM.ActiveCfg = Release|ARM
		{2AF357CB-AC87-4123-BCD7-F33CF64E4A6B}.Release|ARM.Build.0 = Release|ARM
		{2AF357CB-AC87-4123-BCD7-F33CF64E4A6B}.Release|ARM.Deploy.0 = Release|ARM
		{2AF357CB-AC87-4123-BCD7-F33CF64E4A6B}.Release|iPhone.ActiveCfg = Release|x86
		{2AF357CB-AC87-4123-BCD7-F33CF64E4A6B}.Release|iPhone.Build.0 = Release|x86
		{2AF357CB-AC87-4123-BCD7-F33CF64E4A6B}.Release|iPhone.Deploy.0 = Release|x86
		{2AF357CB-AC87-4123-BCD7-F33CF64E4A6B}.Release|iPhoneSimulator.ActiveCfg = Release|x86
		{2AF357CB-AC87-4123-BCD7-F33CF64E4A6B}.Release|iPhoneSimulator.Build.0 = Release|x86
		{2AF357CB-AC87-4123-BCD7-F33CF64E4A6B}.Release|iPhoneSimulator.Deploy.0 = Release|x86
		{2AF357CB-AC87-4123-BCD7-F33CF64E4A6B}.Release|x64.ActiveCfg = Release|x64
		{2AF357CB-AC87-4123-BCD7-F33CF64E4A6B}.Release|x64.Build.0 = Release|x64
		{2AF357CB-AC87-4123-BCD7-F33CF64E4A6B}.Release|x64.Deploy.0 = Release|x64
		{2AF357CB-AC87-4123-BCD7-F33CF64E4A6B}.Release|x86.ActiveCfg = Release|x86
		{2AF357CB-AC87-4123-BCD7-F33CF64E4A6B}.Release|x86.Build.0 = Release|x86
		{2AF357CB-AC87-4123-BCD7-F33CF64E4A6B}.Release|x86.Deploy.0 = Release|x86
		{B61B374C-7A61-41A2-AF31-99215B91B90B}.Ad-Hoc|Any CPU.ActiveCfg = Debug|Any CPU
		{B61B374C-7A61-41A2-AF31-99215B91B90B}.Ad-Hoc|Any CPU.Build.0 = Debug|Any CPU
		{B61B374C-7A61-41A2-AF31-99215B91B90B}.Ad-Hoc|Any CPU.Deploy.0 = Debug|Any CPU
		{B61B374C-7A61-41A2-AF31-99215B91B90B}.Ad-Hoc|ARM.ActiveCfg = Debug|Any CPU
		{B61B374C-7A61-41A2-AF31-99215B91B90B}.Ad-Hoc|ARM.Build.0 = Debug|Any CPU
		{B61B374C-7A61-41A2-AF31-99215B91B90B}.Ad-Hoc|ARM.Deploy.0 = Debug|Any CPU
		{B61B374C-7A61-41A2-AF31-99215B91B90B}.Ad-Hoc|iPhone.ActiveCfg = Debug|Any CPU
		{B61B374C-7A61-41A2-AF31-99215B91B90B}.Ad-Hoc|iPhone.Build.0 = Debug|Any CPU
		{B61B374C-7A61-41A2-AF31-99215B91B90B}.Ad-Hoc|iPhone.Deploy.0 = Debug|Any CPU
		{B61B374C-7A61-41A2-AF31-99215B91B90B}.Ad-Hoc|iPhoneSimulator.ActiveCfg = Debug|Any CPU
		{B61B374C-7A61-41A2-AF31-99215B91B90B}.Ad-Hoc|iPhoneSimulator.Build.0 = Debug|Any CPU
		{B61B374C-7A61-41A2-AF31-99215B91B90B}.Ad-Hoc|iPhoneSimulator.Deploy.0 = Debug|Any CPU
		{B61B374C-7A61-41A2-AF31-99215B91B90B}.Ad-Hoc|x64.ActiveCfg = Debug|Any CPU
		{B61B374C-7A61-41A2-AF31-99215B91B90B}.Ad-Hoc|x64.Build.0 = Debug|Any CPU
		{B61B374C-7A61-41A2-AF31-99215B91B90B}.Ad-Hoc|x64.Deploy.0 = Debug|Any CPU
		{B61B374C-7A61-41A2-AF31-99215B91B90B}.Ad-Hoc|x86.ActiveCfg = Debug|Any CPU
		{B61B374C-7A61-41A2-AF31-99215B91B90B}.Ad-Hoc|x86.Build.0 = Debug|Any CPU
		{B61B374C-7A61-41A2-AF31-99215B91B90B}.Ad-Hoc|x86.Deploy.0 = Debug|Any CPU
		{B61B374C-7A61-41A2-AF31-99215B91B90B}.AppStore|Any CPU.ActiveCfg = Debug|Any CPU
		{B61B374C-7A61-41A2-AF31-99215B91B90B}.AppStore|Any CPU.Build.0 = Debug|Any CPU
		{B61B374C-7A61-41A2-AF31-99215B91B90B}.AppStore|Any CPU.Deploy.0 = Debug|Any CPU
		{B61B374C-7A61-41A2-AF31-99215B91B90B}.AppStore|ARM.ActiveCfg = Debug|Any CPU
		{B61B374C-7A61-41A2-AF31-99215B91B90B}.AppStore|ARM.Build.0 = Debug|Any CPU
		{B61B374C-7A61-41A2-AF31-99215B91B90B}.AppStore|ARM.Deploy.0 = Debug|Any CPU
		{B61B374C-7A61-41A2-AF31-99215B91B90B}.AppStore|iPhone.ActiveCfg = Debug|Any CPU
		{B61B374C-7A61-41A2-AF31-99215B91B90B}.AppStore|iPhone.Build.0 = Debug|Any CPU
		{B61B374C-7A61-41A2-AF31-99215B91B90B}.AppStore|iPhone.Deploy.0 = Debug|Any CPU
		{B61B374C-7A61-41A2-AF31-99215B91B90B}.AppStore|iPhoneSimulator.ActiveCfg = Debug|Any CPU
		{B61B374C-7A61-41A2-AF31-99215B91B90B}.AppStore|iPhoneSimulator.Build.0 = Debug|Any CPU
		{B61B374C-7A61-41A2-AF31-99215B91B90B}.AppStore|iPhoneSimulator.Deploy.0 = Debug|Any CPU
		{B61B374C-7A61-41A2-AF31-99215B91B90B}.AppStore|x64.ActiveCfg = Debug|Any CPU
		{B61B374C-7A61-41A2-AF31-99215B91B90B}.AppStore|x64.Build.0 = Debug|Any CPU
		{B61B374C-7A61-41A2-AF31-99215B91B90B}.AppStore|x64.Deploy.0 = Debug|Any CPU
		{B61B374C-7A61-41A2-AF31-99215B91B90B}.AppStore|x86.ActiveCfg = Debug|Any CPU
		{B61B374C-7A61-41A2-AF31-99215B91B90B}.AppStore|x86.Build.0 = Debug|Any CPU
		{B61B374C-7A61-41A2-AF31-99215B91B90B}.AppStore|x86.Deploy.0 = Debug|Any CPU
		{B61B374C-7A61-41A2-AF31-99215B91B90B}.Debug|Any CPU.ActiveCfg = Debug|Any CPU
		{B61B374C-7A61-41A2-AF31-99215B91B90B}.Debug|Any CPU.Build.0 = Debug|Any CPU
		{B61B374C-7A61-41A2-AF31-99215B91B90B}.Debug|Any CPU.Deploy.0 = Debug|Any CPU
		{B61B374C-7A61-41A2-AF31-99215B91B90B}.Debug|ARM.ActiveCfg = Debug|Any CPU
		{B61B374C-7A61-41A2-AF31-99215B91B90B}.Debug|ARM.Build.0 = Debug|Any CPU
		{B61B374C-7A61-41A2-AF31-99215B91B90B}.Debug|ARM.Deploy.0 = Debug|Any CPU
		{B61B374C-7A61-41A2-AF31-99215B91B90B}.Debug|iPhone.ActiveCfg = Debug|Any CPU
		{B61B374C-7A61-41A2-AF31-99215B91B90B}.Debug|iPhone.Build.0 = Debug|Any CPU
		{B61B374C-7A61-41A2-AF31-99215B91B90B}.Debug|iPhone.Deploy.0 = Debug|Any CPU
		{B61B374C-7A61-41A2-AF31-99215B91B90B}.Debug|iPhoneSimulator.ActiveCfg = Debug|Any CPU
		{B61B374C-7A61-41A2-AF31-99215B91B90B}.Debug|iPhoneSimulator.Build.0 = Debug|Any CPU
		{B61B374C-7A61-41A2-AF31-99215B91B90B}.Debug|iPhoneSimulator.Deploy.0 = Debug|Any CPU
		{B61B374C-7A61-41A2-AF31-99215B91B90B}.Debug|x64.ActiveCfg = Debug|Any CPU
		{B61B374C-7A61-41A2-AF31-99215B91B90B}.Debug|x64.Build.0 = Debug|Any CPU
		{B61B374C-7A61-41A2-AF31-99215B91B90B}.Debug|x64.Deploy.0 = Debug|Any CPU
		{B61B374C-7A61-41A2-AF31-99215B91B90B}.Debug|x86.ActiveCfg = Debug|Any CPU
		{B61B374C-7A61-41A2-AF31-99215B91B90B}.Debug|x86.Build.0 = Debug|Any CPU
		{B61B374C-7A61-41A2-AF31-99215B91B90B}.Debug|x86.Deploy.0 = Debug|Any CPU
		{B61B374C-7A61-41A2-AF31-99215B91B90B}.Release|Any CPU.ActiveCfg = Release|Any CPU
		{B61B374C-7A61-41A2-AF31-99215B91B90B}.Release|Any CPU.Build.0 = Release|Any CPU
		{B61B374C-7A61-41A2-AF31-99215B91B90B}.Release|Any CPU.Deploy.0 = Release|Any CPU
		{B61B374C-7A61-41A2-AF31-99215B91B90B}.Release|ARM.ActiveCfg = Release|Any CPU
		{B61B374C-7A61-41A2-AF31-99215B91B90B}.Release|ARM.Build.0 = Release|Any CPU
		{B61B374C-7A61-41A2-AF31-99215B91B90B}.Release|ARM.Deploy.0 = Release|Any CPU
		{B61B374C-7A61-41A2-AF31-99215B91B90B}.Release|iPhone.ActiveCfg = Release|Any CPU
		{B61B374C-7A61-41A2-AF31-99215B91B90B}.Release|iPhone.Build.0 = Release|Any CPU
		{B61B374C-7A61-41A2-AF31-99215B91B90B}.Release|iPhone.Deploy.0 = Release|Any CPU
		{B61B374C-7A61-41A2-AF31-99215B91B90B}.Release|iPhoneSimulator.ActiveCfg = Release|Any CPU
		{B61B374C-7A61-41A2-AF31-99215B91B90B}.Release|iPhoneSimulator.Build.0 = Release|Any CPU
		{B61B374C-7A61-41A2-AF31-99215B91B90B}.Release|iPhoneSimulator.Deploy.0 = Release|Any CPU
		{B61B374C-7A61-41A2-AF31-99215B91B90B}.Release|x64.ActiveCfg = Release|Any CPU
		{B61B374C-7A61-41A2-AF31-99215B91B90B}.Release|x64.Build.0 = Release|Any CPU
		{B61B374C-7A61-41A2-AF31-99215B91B90B}.Release|x64.Deploy.0 = Release|Any CPU
		{B61B374C-7A61-41A2-AF31-99215B91B90B}.Release|x86.ActiveCfg = Release|Any CPU
		{B61B374C-7A61-41A2-AF31-99215B91B90B}.Release|x86.Build.0 = Release|Any CPU
		{B61B374C-7A61-41A2-AF31-99215B91B90B}.Release|x86.Deploy.0 = Release|Any CPU
	EndGlobalSection
	GlobalSection(SolutionProperties) = preSolution
		HideSolutionNode = FALSE
	EndGlobalSection
	GlobalSection(ExtensibilityGlobals) = postSolution
		SolutionGuid = {282AC0D2-57B7-4D21-B1DF-941E2F1468E1}
	EndGlobalSection
EndGlobal
